
Microsoft Visual Studio Solution File, Format Version 12.00
# Visual Studio Version 18
VisualStudioVersion = 18.9.12128.139 oobstable
MinimumVisualStudioVersion = 10.0.40219.1
Project("{9A19103F-16F7-4668-BE54-9A1E7A4F7556}") = "HikersMod", "Owen013.MovementMod\HikersMod.csproj", "{8A39F9E7-1A89-430C-9C3E-BDFB3B7E17DF}"
EndProject
Project("{2150E333-8FDC-42A3-9474-1A3956D46DE8}") = "Solution Items", "Solution Items", "{9F647989-E500-42BB-B09E-B82316931AED}"
	ProjectSection(SolutionItems) = preProject
		.editorconfig = .editorconfig
	EndProjectSection
EndProject
Global
	GlobalSection(SolutionConfigurationPlatforms) = preSolution
		Debug|Any CPU = Debug|Any CPU
		Release|Any CPU = Release|Any CPU
	EndGlobalSection
	GlobalSection(ProjectConfigurationPlatforms) = postSolution
		{8A39F9E7-1A89-430C-9C3E-BDFB3B7E17DF}.Debug|Any CPU.ActiveCfg = Debug|Any CPU
		{8A39F9E7-1A89-430C-9C3E-BDFB3B7E17DF}.Debug|Any CPU.Build.0 = Debug|Any CPU
		{8A39F9E7-1A89-430C-9C3E-BDFB3B7E17DF}.Release|Any CPU.ActiveCfg = Release|Any CPU
		{8A39F9E7-1A89-430C-9C3E-BDFB3B7E17DF}.Release|Any CPU.Build.0 = Release|Any CPU
	EndGlobalSection
	GlobalSection(SolutionProperties) = preSolution
		HideSolutionNode = FALSE
	EndGlobalSection
	GlobalSection(ExtensibilityGlobals) = postSolution
		SolutionGuid = {2D1EA8ED-F084-4A86-AE36-5B218EE9F9C2}
	EndGlobalSection
EndGlobal
